
Microsoft Visual Studio Solution File, Format Version 12.00
# Visual Studio 2012
Project("{FAE04EC0-301F-11D3-BF4B-00C04F79EFBC}") = "GPassword", "GPassword\GPassword.csproj", "{30C18BD2-B989-498D-9F7C-707CA0E98F84}"
EndProject
Global
	GlobalSection(SolutionConfigurationPlatforms) = preSolution
		Debug|Any CPU = Debug|Any CPU
		Release|Any CPU = Release|Any CPU
	EndGlobalSection
	GlobalSection(ProjectConfigurationPlatforms) = postSolution
		{30C18BD2-B989-498D-9F7C-707CA0E98F84}.Debug|Any CPU.ActiveCfg = Debug|Any CPU
		{30C18BD2-B989-498D-9F7C-707CA0E98F84}.Debug|Any CPU.Build.0 = Debug|Any CPU
		{30C18BD2-B989-498D-9F7C-707CA0E98F84}.Release|Any CPU.ActiveCfg = Release|Any CPU
		{30C18BD2-B989-498D-9F7C-707CA0E98F84}.Release|Any CPU.Build.0 = Release|Any CPU
	EndGlobalSection
	GlobalSection(SolutionProperties) = preSolution
		HideSolutionNode = FALSE
	EndGlobalSection
EndGlobal
